
Microsoft Visual Studio Solution File, Format Version 12.00
# Visual Studio Version 16
VisualStudioVersion = 16.0.30011.22
MinimumVisualStudioVersion = 10.0.40219.1
Project("{FAE04EC0-301F-11D3-BF4B-00C04F79EFBC}") = "Consumer", "Consumer\Consumer.csproj", "{C5E622A9-87EE-423B-9351-E80414DEBFF9}"
EndProject
Project("{FAE04EC0-301F-11D3-BF4B-00C04F79EFBC}") = "Producer", "Producer\Producer.csproj", "{8D5AFBE8-3B50-43ED-B030-CE1264151524}"
EndProject
Project("{FAE04EC0-301F-11D3-BF4B-00C04F79EFBC}") = "EasyNetQ.Message", "EasyNetQ.Message\EasyNetQ.Message.csproj", "{4DCBCF18-9B87-4751-85AA-9C650A382C3B}"
EndProject
Global
	GlobalSection(SolutionConfigurationPlatforms) = preSolution
		Debug|Any CPU = Debug|Any CPU
		Release|Any CPU = Release|Any CPU
	EndGlobalSection
	GlobalSection(ProjectConfigurationPlatforms) = postSolution
		{C5E622A9-87EE-423B-9351-E80414DEBFF9}.Debug|Any CPU.ActiveCfg = Debug|Any CPU
		{C5E622A9-87EE-423B-9351-E80414DEBFF9}.Debug|Any CPU.Build.0 = Debug|Any CPU
		{C5E622A9-87EE-423B-9351-E80414DEBFF9}.Release|Any CPU.ActiveCfg = Release|Any CPU
		{C5E622A9-87EE-423B-9351-E80414DEBFF9}.Release|Any CPU.Build.0 = Release|Any CPU
		{8D5AFBE8-3B50-43ED-B030-CE1264151524}.Debug|Any CPU.ActiveCfg = Debug|Any CPU
		{8D5AFBE8-3B50-43ED-B030-CE1264151524}.Debug|Any CPU.Build.0 = Debug|Any CPU
		{8D5AFBE8-3B50-43ED-B030-CE1264151524}.Release|Any CPU.ActiveCfg = Release|Any CPU
		{8D5AFBE8-3B50-43ED-B030-CE1264151524}.Release|Any CPU.Build.0 = Release|Any CPU
		{4DCBCF18-9B87-4751-85AA-9C650A382C3B}.Debug|Any CPU.ActiveCfg = Debug|Any CPU
		{4DCBCF18-9B87-4751-85AA-9C650A382C3B}.Debug|Any CPU.Build.0 = Debug|Any CPU
		{4DCBCF18-9B87-4751-85AA-9C650A382C3B}.Release|Any CPU.ActiveCfg = Release|Any CPU
		{4DCBCF18-9B87-4751-85AA-9C650A382C3B}.Release|Any CPU.Build.0 = Release|Any CPU
	EndGlobalSection
	GlobalSection(SolutionProperties) = preSolution
		HideSolutionNode = FALSE
	EndGlobalSection
	GlobalSection(ExtensibilityGlobals) = postSolution
		SolutionGuid = {E18C132A-F944-4C3A-B3C9-29200AB3C1F6}
	EndGlobalSection
EndGlobal
